# THIS IS AN AUTOGENERATED FILE. DO NOT EDIT THIS FILE DIRECTLY.
# yarn lockfile v1


"@doabit/semantic-ui-sass@^2.4.5":
  version "2.4.5"
  resolved "https://registry.yarnpkg.com/@doabit/semantic-ui-sass/-/semantic-ui-sass-2.4.5.tgz#8f695db2bb97605e412dc0bafe34fe70f738354c"
  integrity sha512-22JM+johZwSwJlb8yo5E1NOBO7Cm/1KUGTIYd+o4yGXZxLTyJaX1PWh1jPZ/QlJ55A7UOFrIyG93ui3VgY5JFA==

jquery@^3.6.1:
  version "3.6.1"
  resolved "https://registry.yarnpkg.com/jquery/-/jquery-3.6.1.tgz#fab0408f8b45fc19f956205773b62b292c147a16"
  integrity sha512-opJeO4nCucVnsjiXOE+/PcCgYw9Gwpvs/a6B1LL/lQhwWwpbVEVYDZ1FokFr8PRc7ghYlrFPuyHuiiDNTQxmcw==

popper.js@^1.16.1:
  version "1.16.1"
  resolved "https://registry.yarnpkg.com/popper.js/-/popper.js-1.16.1.tgz#2a223cb3dc7b6213d740e40372be40de43e65b1b"
  integrity sha512-Wb4p1J4zyFTbM+u6WuO4XstYx4Ky9Cewe4DWrel7B0w6VVICvPwdOpotjzcf6eD8TsckVnIMNONQyPIUFOUbCQ==
